
Microsoft Visual Studio Solution File, Format Version 12.00
# Visual Studio Version 16
VisualStudioVersion = 16.0.29306.81
MinimumVisualStudioVersion = 10.0.40219.1
Project("{8BC9CEB8-8B4A-11D0-8D11-00A0C91BC942}") = "Project22", "Project22\Project22.vcxproj", "{A99BE0BE-0F85-4037-8607-62BED7B42760}"
EndProject
Global
	GlobalSection(SolutionConfigurationPlatforms) = preSolution
		Debug|x64 = Debug|x64
		Debug|x86 = Debug|x86
		Release|x64 = Release|x64
		Release|x86 = Release|x86
	EndGlobalSection
	GlobalSection(ProjectConfigurationPlatforms) = postSolution
		{A99BE0BE-0F85-4037-8607-62BED7B42760}.Debug|x64.ActiveCfg = Debug|x64
		{A99BE0BE-0F85-4037-8607-62BED7B42760}.Debug|x64.Build.0 = Debug|x64
		{A99BE0BE-0F85-4037-8607-62BED7B42760}.Debug|x86.ActiveCfg = Debug|Win32
		{A99BE0BE-0F85-4037-8607-62BED7B42760}.Debug|x86.Build.0 = Debug|Win32
		{A99BE0BE-0F85-4037-8607-62BED7B42760}.Release|x64.ActiveCfg = Release|x64
		{A99BE0BE-0F85-4037-8607-62BED7B42760}.Release|x64.Build.0 = Release|x64
		{A99BE0BE-0F85-4037-8607-62BED7B42760}.Release|x86.ActiveCfg = Release|Win32
		{A99BE0BE-0F85-4037-8607-62BED7B42760}.Release|x86.Build.0 = Release|Win32
	EndGlobalSection
	GlobalSection(SolutionProperties) = preSolution
		HideSolutionNode = FALSE
	EndGlobalSection
	GlobalSection(ExtensibilityGlobals) = postSolution
		SolutionGuid = {C8414835-50C5-47E7-AA8A-73E9B56FE183}
	EndGlobalSection
EndGlobal
